
Microsoft Visual Studio Solution File, Format Version 12.00
# Visual Studio Version 16
VisualStudioVersion = 16.0.30503.244
MinimumVisualStudioVersion = 10.0.40219.1
Project("{FAE04EC0-301F-11D3-BF4B-00C04F79EFBC}") = "Assignment1_000813104", "Assignment1_000813104\Assignment1_000813104.csproj", "{70DCEA2B-A8C2-402A-9772-17D2AAF46861}"
EndProject
Global
	GlobalSection(SolutionConfigurationPlatforms) = preSolution
		Debug|Any CPU = Debug|Any CPU
		Release|Any CPU = Release|Any CPU
	EndGlobalSection
	GlobalSection(ProjectConfigurationPlatforms) = postSolution
		{70DCEA2B-A8C2-402A-9772-17D2AAF46861}.Debug|Any CPU.ActiveCfg = Debug|Any CPU
		{70DCEA2B-A8C2-402A-9772-17D2AAF46861}.Debug|Any CPU.Build.0 = Debug|Any CPU
		{70DCEA2B-A8C2-402A-9772-17D2AAF46861}.Release|Any CPU.ActiveCfg = Release|Any CPU
		{70DCEA2B-A8C2-402A-9772-17D2AAF46861}.Release|Any CPU.Build.0 = Release|Any CPU
	EndGlobalSection
	GlobalSection(SolutionProperties) = preSolution
		HideSolutionNode = FALSE
	EndGlobalSection
	GlobalSection(ExtensibilityGlobals) = postSolution
		SolutionGuid = {C1CB9283-7F84-4BED-99D3-09012218F333}
	EndGlobalSection
EndGlobal
